
Microsoft Visual Studio Solution File, Format Version 12.00
# Visual Studio Version 16
VisualStudioVersion = 16.0.30330.147
MinimumVisualStudioVersion = 10.0.40219.1
Project("{FAE04EC0-301F-11D3-BF4B-00C04F79EFBC}") = "Generics", "Generics\Generics.csproj", "{FB3B88C1-6371-4B45-A4A0-4500B28E5D8A}"
EndProject
Global
	GlobalSection(SolutionConfigurationPlatforms) = preSolution
		Debug|Any CPU = Debug|Any CPU
		Release|Any CPU = Release|Any CPU
	EndGlobalSection
	GlobalSection(ProjectConfigurationPlatforms) = postSolution
		{FB3B88C1-6371-4B45-A4A0-4500B28E5D8A}.Debug|Any CPU.ActiveCfg = Debug|Any CPU
		{FB3B88C1-6371-4B45-A4A0-4500B28E5D8A}.Debug|Any CPU.Build.0 = Debug|Any CPU
		{FB3B88C1-6371-4B45-A4A0-4500B28E5D8A}.Release|Any CPU.ActiveCfg = Release|Any CPU
		{FB3B88C1-6371-4B45-A4A0-4500B28E5D8A}.Release|Any CPU.Build.0 = Release|Any CPU
	EndGlobalSection
	GlobalSection(SolutionProperties) = preSolution
		HideSolutionNode = FALSE
	EndGlobalSection
	GlobalSection(ExtensibilityGlobals) = postSolution
		SolutionGuid = {6D4ED701-FCBE-4F93-BEAF-F3A94EEAF9D6}
	EndGlobalSection
EndGlobal
