
Microsoft Visual Studio Solution File, Format Version 12.00
# Visual Studio Version 16
VisualStudioVersion = 16.0.30330.147
MinimumVisualStudioVersion = 10.0.40219.1
Project("{9A19103F-16F7-4668-BE54-9A1E7A4F7556}") = "UI_console", "..\UI_console\UI_console.csproj", "{072014CF-3D15-4D2E-B233-F38A7207C6A1}"
EndProject
Project("{FAE04EC0-301F-11D3-BF4B-00C04F79EFBC}") = "BusinessLayer", "..\BusinessLayer\BusinessLayer.csproj", "{0F561051-A9BE-4A13-9049-6C4B9374F2C6}"
EndProject
Global
	GlobalSection(SolutionConfigurationPlatforms) = preSolution
		Debug|Any CPU = Debug|Any CPU
		Release|Any CPU = Release|Any CPU
	EndGlobalSection
	GlobalSection(ProjectConfigurationPlatforms) = postSolution
		{072014CF-3D15-4D2E-B233-F38A7207C6A1}.Debug|Any CPU.ActiveCfg = Debug|Any CPU
		{072014CF-3D15-4D2E-B233-F38A7207C6A1}.Debug|Any CPU.Build.0 = Debug|Any CPU
		{072014CF-3D15-4D2E-B233-F38A7207C6A1}.Release|Any CPU.ActiveCfg = Release|Any CPU
		{072014CF-3D15-4D2E-B233-F38A7207C6A1}.Release|Any CPU.Build.0 = Release|Any CPU
		{0F561051-A9BE-4A13-9049-6C4B9374F2C6}.Debug|Any CPU.ActiveCfg = Debug|Any CPU
		{0F561051-A9BE-4A13-9049-6C4B9374F2C6}.Debug|Any CPU.Build.0 = Debug|Any CPU
		{0F561051-A9BE-4A13-9049-6C4B9374F2C6}.Release|Any CPU.ActiveCfg = Release|Any CPU
		{0F561051-A9BE-4A13-9049-6C4B9374F2C6}.Release|Any CPU.Build.0 = Release|Any CPU
	EndGlobalSection
	GlobalSection(SolutionProperties) = preSolution
		HideSolutionNode = FALSE
	EndGlobalSection
	GlobalSection(ExtensibilityGlobals) = postSolution
		SolutionGuid = {B53BA4C3-418C-47CB-99D5-BF9DF95DD877}
	EndGlobalSection
EndGlobal
